<?xml version="1.0" encoding="UTF-8" standalone="yes" ?>
<CodeBlocks_project_file>
	<FileVersion major="1" minor="6" />
	<Project>
		<Option title="IMGUI" />
		<Option pch_mode="2" />
		<Option compiler="gcc" />
		<Build>
			<Target title="Debug">
				<Option output="../lib/IMGUI_d" prefix_auto="1" extension_auto="1" />
				<Option working_dir="" />
				<Option object_output="obj/Debug/" />
				<Option type="2" />
				<Option compiler="gcc" />
				<Option createDefFile="1" />
				<Compiler>
					<Add option="-Wall" />
					<Add option="-g" />
				</Compiler>
			</Target>
			<Target title="Release">
				<Option output="../lib/IMGUI" prefix_auto="1" extension_auto="1" />
				<Option working_dir="" />
				<Option object_output="obj/Release/" />
				<Option type="2" />
				<Option compiler="gcc" />
				<Option createDefFile="1" />
				<Compiler>
					<Add option="-Wall" />
					<Add option="-O2" />
				</Compiler>
				<Linker>
					<Add option="-s" />
				</Linker>
			</Target>
		</Build>
		<Compiler>
			<Add option="-std=c++11" />
			<Add option="-DGLEW_STATIC" />
			<Add directory="../src" />
		</Compiler>
		<Unit filename="../src/imgui/imconfig.h" />
		<Unit filename="../src/imgui/imgui.cpp" />
		<Unit filename="../src/imgui/imgui.h" />
		<Unit filename="../src/imgui/imgui_demo.cpp" />
		<Unit filename="../src/imgui/imgui_draw.cpp" />
		<Unit filename="../src/imgui/imgui_impl_glfw_gl3.cpp" />
		<Unit filename="../src/imgui/imgui_impl_glfw_gl3.h" />
		<Unit filename="../src/imgui/imgui_internal.h" />
		<Unit filename="../src/imgui/stb_rect_pack.h" />
		<Unit filename="../src/imgui/stb_textedit.h" />
		<Unit filename="../src/imgui/stb_truetype.h" />
		<Extensions>
			<code_completion />
			<envvars />
			<debugger />
			<lib_finder disable_auto="1" />
		</Extensions>
	</Project>
</CodeBlocks_project_file>
